
Microsoft Visual Studio Solution File, Format Version 12.00
# Visual Studio 15
VisualStudioVersion = 15.0.28307.2092
MinimumVisualStudioVersion = 10.0.40219.1
Project("{FAE04EC0-301F-11D3-BF4B-00C04F79EFBC}") = "LabFt", "LabFt\LabFt.csproj", "{06823478-C116-46E6-93D0-261B58564AD4}"
EndProject
Global
	GlobalSection(SolutionConfigurationPlatforms) = preSolution
		Debug|Any CPU = Debug|Any CPU
		Release|Any CPU = Release|Any CPU
	EndGlobalSection
	GlobalSection(ProjectConfigurationPlatforms) = postSolution
		{06823478-C116-46E6-93D0-261B58564AD4}.Debug|Any CPU.ActiveCfg = Debug|Any CPU
		{06823478-C116-46E6-93D0-261B58564AD4}.Debug|Any CPU.Build.0 = Debug|Any CPU
		{06823478-C116-46E6-93D0-261B58564AD4}.Release|Any CPU.ActiveCfg = Release|Any CPU
		{06823478-C116-46E6-93D0-261B58564AD4}.Release|Any CPU.Build.0 = Release|Any CPU
	EndGlobalSection
	GlobalSection(SolutionProperties) = preSolution
		HideSolutionNode = FALSE
	EndGlobalSection
	GlobalSection(ExtensibilityGlobals) = postSolution
		SolutionGuid = {9A0A0703-EB37-45EC-A4BF-2C6E50A273FA}
	EndGlobalSection
EndGlobal
